
Microsoft Visual Studio Solution File, Format Version 12.00
# Visual Studio 15
VisualStudioVersion = 15.0.28307.779
MinimumVisualStudioVersion = 10.0.40219.1
Project("{FAE04EC0-301F-11D3-BF4B-00C04F79EFBC}") = "CAN Analyzer", "CAN Analyzer\CAN Analyzer.csproj", "{D4255161-5CD9-4FF5-AAF7-101B50A99022}"
EndProject
Project("{FAE04EC0-301F-11D3-BF4B-00C04F79EFBC}") = "HamburgerMenu", "..\HamburgerMenu\HamburgerMenu.csproj", "{EB2B307D-68EB-4E4A-8999-90DB4DB48342}"
EndProject
Project("{FAE04EC0-301F-11D3-BF4B-00C04F79EFBC}") = "DynamicResource", "..\DynamicResource\DynamicResource\DynamicResource.csproj", "{92E9DC45-B6AD-4BB9-AAD9-C7A88DA4A279}"
EndProject
Global
	GlobalSection(SolutionConfigurationPlatforms) = preSolution
		Debug|Any CPU = Debug|Any CPU
		Release|Any CPU = Release|Any CPU
	EndGlobalSection
	GlobalSection(ProjectConfigurationPlatforms) = postSolution
		{D4255161-5CD9-4FF5-AAF7-101B50A99022}.Debug|Any CPU.ActiveCfg = Debug|Any CPU
		{D4255161-5CD9-4FF5-AAF7-101B50A99022}.Debug|Any CPU.Build.0 = Debug|Any CPU
		{D4255161-5CD9-4FF5-AAF7-101B50A99022}.Release|Any CPU.ActiveCfg = Release|Any CPU
		{D4255161-5CD9-4FF5-AAF7-101B50A99022}.Release|Any CPU.Build.0 = Release|Any CPU
		{EB2B307D-68EB-4E4A-8999-90DB4DB48342}.Debug|Any CPU.ActiveCfg = Debug|Any CPU
		{EB2B307D-68EB-4E4A-8999-90DB4DB48342}.Debug|Any CPU.Build.0 = Debug|Any CPU
		{EB2B307D-68EB-4E4A-8999-90DB4DB48342}.Release|Any CPU.ActiveCfg = Release|Any CPU
		{EB2B307D-68EB-4E4A-8999-90DB4DB48342}.Release|Any CPU.Build.0 = Release|Any CPU
		{92E9DC45-B6AD-4BB9-AAD9-C7A88DA4A279}.Debug|Any CPU.ActiveCfg = Debug|Any CPU
		{92E9DC45-B6AD-4BB9-AAD9-C7A88DA4A279}.Debug|Any CPU.Build.0 = Debug|Any CPU
		{92E9DC45-B6AD-4BB9-AAD9-C7A88DA4A279}.Release|Any CPU.ActiveCfg = Release|Any CPU
		{92E9DC45-B6AD-4BB9-AAD9-C7A88DA4A279}.Release|Any CPU.Build.0 = Release|Any CPU
	EndGlobalSection
	GlobalSection(SolutionProperties) = preSolution
		HideSolutionNode = FALSE
	EndGlobalSection
	GlobalSection(ExtensibilityGlobals) = postSolution
		SolutionGuid = {C5D0A4DC-B8AD-44D3-9C87-5406F542DA5D}
	EndGlobalSection
EndGlobal
