
Microsoft Visual Studio Solution File, Format Version 12.00
# Visual Studio Version 16
VisualStudioVersion = 16.0.30011.22
MinimumVisualStudioVersion = 10.0.40219.1
Project("{9A19103F-16F7-4668-BE54-9A1E7A4F7556}") = "CAN Analyzer", "CAN Analyzer\CAN Analyzer.csproj", "{D4255161-5CD9-4FF5-AAF7-101B50A99022}"
EndProject
Project("{9A19103F-16F7-4668-BE54-9A1E7A4F7556}") = "CANAnalyzerDevices", "CANAnalyzerDevices\CANAnalyzerDevices.csproj", "{BDF1D1FD-8609-4ACC-832B-50D1DF71617A}"
EndProject
Project("{9A19103F-16F7-4668-BE54-9A1E7A4F7556}") = "DynamicResource", "DynamicResource\DynamicResource.csproj", "{92E9DC45-B6AD-4BB9-AAD9-C7A88DA4A279}"
EndProject
Project("{9A19103F-16F7-4668-BE54-9A1E7A4F7556}") = "HamburgerMenu", "HamburgerMenu\HamburgerMenu.csproj", "{EB2B307D-68EB-4E4A-8999-90DB4DB48342}"
EndProject
Project("{9A19103F-16F7-4668-BE54-9A1E7A4F7556}") = "CANAnalyzerChannelProxyIntefaces", "CANAnalyzerChannelProxies\CANAnalyzerChannelProxyIntefaces.csproj", "{CE3402E8-383A-49DA-A252-1C7714C739CA}"
EndProject
Project("{9A19103F-16F7-4668-BE54-9A1E7A4F7556}") = "ConsoleChannelProxy", "ConsoleChannelProxy\ConsoleChannelProxy.csproj", "{E75317BF-D861-47E0-B2B6-2A66145DF441}"
EndProject
Project("{9A19103F-16F7-4668-BE54-9A1E7A4F7556}") = "DirtRallyV2ToRenaultDashboardProxy", "DirtRallyV2ToRenaultDashboardProxy\DirtRallyV2ToRenaultDashboardProxy.csproj", "{75C0774D-B93A-42F4-A49C-4BCB72F0E3F9}"
EndProject
Project("{9A19103F-16F7-4668-BE54-9A1E7A4F7556}") = "InfluxDBChannelProxy", "InfluxDBChannelProxy\InfluxDBChannelProxy.csproj", "{BE0CC9F0-731B-455F-B32B-5BE4C5382BEF}"
EndProject
Project("{9A19103F-16F7-4668-BE54-9A1E7A4F7556}") = "CanHackerDevice", "CanHackerDevice\CanHackerDevice.csproj", "{C61B4697-483E-4DFD-B9CB-ADB4C60988C8}"
EndProject
Project("{9A19103F-16F7-4668-BE54-9A1E7A4F7556}") = "CanAnalyzerDevice", "CanAnalyzerDevice\CanAnalyzerDevice.csproj", "{D540D12F-DD96-43D0-876E-382DAF97DA7B}"
EndProject
Project("{9A19103F-16F7-4668-BE54-9A1E7A4F7556}") = "CANAnalyzerDataModels", "CANAnalyzerDataModels\CANAnalyzerDataModels.csproj", "{9A264217-D10D-42C6-8780-E7515D3633CE}"
EndProject
Project("{FAE04EC0-301F-11D3-BF4B-00C04F79EFBC}") = "CANAnalyzerDataProvidersInterfaces", "CANAnalyzerDataTypesProviderInterfaces\CANAnalyzerDataProvidersInterfaces.csproj", "{7F49AC8D-9CB4-49BA-89D2-0428459C51A6}"
EndProject
Project("{FAE04EC0-301F-11D3-BF4B-00C04F79EFBC}") = "CANAnalyzerSQLiteDataProvider", "CANAnalyzerSQLiteDataProvider\CANAnalyzerSQLiteDataProvider.csproj", "{F822AFD1-5127-4520-BEEF-E8DA3D07BC52}"
EndProject
Project("{FAE04EC0-301F-11D3-BF4B-00C04F79EFBC}") = "RelayCommands", "RelayCommands\RelayCommands.csproj", "{8F55201C-8976-4AB2-8F03-780B51C7D327}"
EndProject
Global
	GlobalSection(SolutionConfigurationPlatforms) = preSolution
		Debug|Any CPU = Debug|Any CPU
		Release|Any CPU = Release|Any CPU
	EndGlobalSection
	GlobalSection(ProjectConfigurationPlatforms) = postSolution
		{D4255161-5CD9-4FF5-AAF7-101B50A99022}.Debug|Any CPU.ActiveCfg = Debug|Any CPU
		{D4255161-5CD9-4FF5-AAF7-101B50A99022}.Debug|Any CPU.Build.0 = Debug|Any CPU
		{D4255161-5CD9-4FF5-AAF7-101B50A99022}.Release|Any CPU.ActiveCfg = Release|Any CPU
		{D4255161-5CD9-4FF5-AAF7-101B50A99022}.Release|Any CPU.Build.0 = Release|Any CPU
		{BDF1D1FD-8609-4ACC-832B-50D1DF71617A}.Debug|Any CPU.ActiveCfg = Debug|Any CPU
		{BDF1D1FD-8609-4ACC-832B-50D1DF71617A}.Debug|Any CPU.Build.0 = Debug|Any CPU
		{BDF1D1FD-8609-4ACC-832B-50D1DF71617A}.Release|Any CPU.ActiveCfg = Release|Any CPU
		{BDF1D1FD-8609-4ACC-832B-50D1DF71617A}.Release|Any CPU.Build.0 = Release|Any CPU
		{92E9DC45-B6AD-4BB9-AAD9-C7A88DA4A279}.Debug|Any CPU.ActiveCfg = Debug|Any CPU
		{92E9DC45-B6AD-4BB9-AAD9-C7A88DA4A279}.Debug|Any CPU.Build.0 = Debug|Any CPU
		{92E9DC45-B6AD-4BB9-AAD9-C7A88DA4A279}.Release|Any CPU.ActiveCfg = Release|Any CPU
		{92E9DC45-B6AD-4BB9-AAD9-C7A88DA4A279}.Release|Any CPU.Build.0 = Release|Any CPU
		{EB2B307D-68EB-4E4A-8999-90DB4DB48342}.Debug|Any CPU.ActiveCfg = Debug|Any CPU
		{EB2B307D-68EB-4E4A-8999-90DB4DB48342}.Debug|Any CPU.Build.0 = Debug|Any CPU
		{EB2B307D-68EB-4E4A-8999-90DB4DB48342}.Release|Any CPU.ActiveCfg = Release|Any CPU
		{EB2B307D-68EB-4E4A-8999-90DB4DB48342}.Release|Any CPU.Build.0 = Release|Any CPU
		{CE3402E8-383A-49DA-A252-1C7714C739CA}.Debug|Any CPU.ActiveCfg = Debug|Any CPU
		{CE3402E8-383A-49DA-A252-1C7714C739CA}.Debug|Any CPU.Build.0 = Debug|Any CPU
		{CE3402E8-383A-49DA-A252-1C7714C739CA}.Release|Any CPU.ActiveCfg = Release|Any CPU
		{CE3402E8-383A-49DA-A252-1C7714C739CA}.Release|Any CPU.Build.0 = Release|Any CPU
		{E75317BF-D861-47E0-B2B6-2A66145DF441}.Debug|Any CPU.ActiveCfg = Debug|Any CPU
		{E75317BF-D861-47E0-B2B6-2A66145DF441}.Debug|Any CPU.Build.0 = Debug|Any CPU
		{E75317BF-D861-47E0-B2B6-2A66145DF441}.Release|Any CPU.ActiveCfg = Release|Any CPU
		{E75317BF-D861-47E0-B2B6-2A66145DF441}.Release|Any CPU.Build.0 = Release|Any CPU
		{75C0774D-B93A-42F4-A49C-4BCB72F0E3F9}.Debug|Any CPU.ActiveCfg = Debug|Any CPU
		{75C0774D-B93A-42F4-A49C-4BCB72F0E3F9}.Debug|Any CPU.Build.0 = Debug|Any CPU
		{75C0774D-B93A-42F4-A49C-4BCB72F0E3F9}.Release|Any CPU.ActiveCfg = Release|Any CPU
		{75C0774D-B93A-42F4-A49C-4BCB72F0E3F9}.Release|Any CPU.Build.0 = Release|Any CPU
		{BE0CC9F0-731B-455F-B32B-5BE4C5382BEF}.Debug|Any CPU.ActiveCfg = Debug|Any CPU
		{BE0CC9F0-731B-455F-B32B-5BE4C5382BEF}.Debug|Any CPU.Build.0 = Debug|Any CPU
		{BE0CC9F0-731B-455F-B32B-5BE4C5382BEF}.Release|Any CPU.ActiveCfg = Release|Any CPU
		{BE0CC9F0-731B-455F-B32B-5BE4C5382BEF}.Release|Any CPU.Build.0 = Release|Any CPU
		{C61B4697-483E-4DFD-B9CB-ADB4C60988C8}.Debug|Any CPU.ActiveCfg = Debug|Any CPU
		{C61B4697-483E-4DFD-B9CB-ADB4C60988C8}.Debug|Any CPU.Build.0 = Debug|Any CPU
		{C61B4697-483E-4DFD-B9CB-ADB4C60988C8}.Release|Any CPU.ActiveCfg = Release|Any CPU
		{C61B4697-483E-4DFD-B9CB-ADB4C60988C8}.Release|Any CPU.Build.0 = Release|Any CPU
		{D540D12F-DD96-43D0-876E-382DAF97DA7B}.Debug|Any CPU.ActiveCfg = Debug|Any CPU
		{D540D12F-DD96-43D0-876E-382DAF97DA7B}.Debug|Any CPU.Build.0 = Debug|Any CPU
		{D540D12F-DD96-43D0-876E-382DAF97DA7B}.Release|Any CPU.ActiveCfg = Release|Any CPU
		{D540D12F-DD96-43D0-876E-382DAF97DA7B}.Release|Any CPU.Build.0 = Release|Any CPU
		{9A264217-D10D-42C6-8780-E7515D3633CE}.Debug|Any CPU.ActiveCfg = Debug|Any CPU
		{9A264217-D10D-42C6-8780-E7515D3633CE}.Debug|Any CPU.Build.0 = Debug|Any CPU
		{9A264217-D10D-42C6-8780-E7515D3633CE}.Release|Any CPU.ActiveCfg = Release|Any CPU
		{9A264217-D10D-42C6-8780-E7515D3633CE}.Release|Any CPU.Build.0 = Release|Any CPU
		{7F49AC8D-9CB4-49BA-89D2-0428459C51A6}.Debug|Any CPU.ActiveCfg = Debug|Any CPU
		{7F49AC8D-9CB4-49BA-89D2-0428459C51A6}.Debug|Any CPU.Build.0 = Debug|Any CPU
		{7F49AC8D-9CB4-49BA-89D2-0428459C51A6}.Release|Any CPU.ActiveCfg = Release|Any CPU
		{7F49AC8D-9CB4-49BA-89D2-0428459C51A6}.Release|Any CPU.Build.0 = Release|Any CPU
		{F822AFD1-5127-4520-BEEF-E8DA3D07BC52}.Debug|Any CPU.ActiveCfg = Debug|Any CPU
		{F822AFD1-5127-4520-BEEF-E8DA3D07BC52}.Debug|Any CPU.Build.0 = Debug|Any CPU
		{F822AFD1-5127-4520-BEEF-E8DA3D07BC52}.Release|Any CPU.ActiveCfg = Release|Any CPU
		{F822AFD1-5127-4520-BEEF-E8DA3D07BC52}.Release|Any CPU.Build.0 = Release|Any CPU
		{8F55201C-8976-4AB2-8F03-780B51C7D327}.Debug|Any CPU.ActiveCfg = Debug|Any CPU
		{8F55201C-8976-4AB2-8F03-780B51C7D327}.Debug|Any CPU.Build.0 = Debug|Any CPU
		{8F55201C-8976-4AB2-8F03-780B51C7D327}.Release|Any CPU.ActiveCfg = Release|Any CPU
		{8F55201C-8976-4AB2-8F03-780B51C7D327}.Release|Any CPU.Build.0 = Release|Any CPU
	EndGlobalSection
	GlobalSection(SolutionProperties) = preSolution
		HideSolutionNode = FALSE
	EndGlobalSection
	GlobalSection(ExtensibilityGlobals) = postSolution
		SolutionGuid = {C5D0A4DC-B8AD-44D3-9C87-5406F542DA5D}
	EndGlobalSection
EndGlobal
